// !$*UTF8*$!
{
	archiveVersion = 1;
	classes = {
	};
	objectVersion = 46;
	objects = {

/* Begin PBXBuildFile section */
		BE311ADF1F6E946800D33FD6 /* SpeedLogDetailController.swift in Sources */ = {isa = PBXBuildFile; fileRef = BE311ADE1F6E946800D33FD6 /* SpeedLogDetailController.swift */; };
		BE311AE91F6FC7A500D33FD6 /* SettingsController.swift in Sources */ = {isa = PBXBuildFile; fileRef = BE311AE81F6FC7A500D33FD6 /* SettingsController.swift */; };
		BE33A6A61F7E9BEF001818DB /* Measurement.swift in Sources */ = {isa = PBXBuildFile; fileRef = BE33A6A51F7E9BEF001818DB /* Measurement.swift */; };
		BE3703261F669F7F003306E8 /* Podfile in Resources */ = {isa = PBXBuildFile; fileRef = BE3703251F669F7F003306E8 /* Podfile */; };
		BE6A3BA51F7A7EF600643483 /* MeasurementCell.swift in Sources */ = {isa = PBXBuildFile; fileRef = BE6A3BA41F7A7EF600643483 /* MeasurementCell.swift */; };
		BE6A3BA71F7A857300643483 /* SavedMeasurementsController.swift in Sources */ = {isa = PBXBuildFile; fileRef = BE6A3BA61F7A857300643483 /* SavedMeasurementsController.swift */; };
		BE6A3BAF1F7B973000643483 /* DataHandler.swift in Sources */ = {isa = PBXBuildFile; fileRef = BE6A3BAE1F7B973000643483 /* DataHandler.swift */; };
		BE8ED3A31F7C2C6F0085F60A /* Constants.swift in Sources */ = {isa = PBXBuildFile; fileRef = BE8ED3A21F7C2C6F0085F60A /* Constants.swift */; };
		BEE9A82A1F38BF8E000E3497 /* AppDelegate.swift in Sources */ = {isa = PBXBuildFile; fileRef = BEE9A8291F38BF8E000E3497 /* AppDelegate.swift */; };
		BEE9A82C1F38BF8E000E3497 /* ViewController.swift in Sources */ = {isa = PBXBuildFile; fileRef = BEE9A82B1F38BF8E000E3497 /* ViewController.swift */; };
		BEE9A82F1F38BF8E000E3497 /* Main.storyboard in Resources */ = {isa = PBXBuildFile; fileRef = BEE9A82D1F38BF8E000E3497 /* Main.storyboard */; };
		BEE9A8311F38BF8E000E3497 /* Assets.xcassets in Resources */ = {isa = PBXBuildFile; fileRef = BEE9A8301F38BF8E000E3497 /* Assets.xcassets */; };
		BEE9A8341F38BF8E000E3497 /* LaunchScreen.storyboard in Resources */ = {isa = PBXBuildFile; fileRef = BEE9A8321F38BF8E000E3497 /* LaunchScreen.storyboard */; };
		BEF374F51F7BC00300088070 /* Speedometer.swift in Sources */ = {isa = PBXBuildFile; fileRef = BEF374F41F7BC00300088070 /* Speedometer.swift */; };
		BEF8ACD91F7A3B64008F052D /* Charts.framework in Frameworks */ = {isa = PBXBuildFile; fileRef = BEC4DF091F66A0A5009DBD6F /* Charts.framework */; };
		EF4CA4A53BFC3B19FF6CFE66 /* Pods_DragTimer.framework in Frameworks */ = {isa = PBXBuildFile; fileRef = 003AACB093832422B6F0D78F /* Pods_DragTimer.framework */; };
/* End PBXBuildFile section */

/* Begin PBXContainerItemProxy section */
		BEE9A83B1F38BF8F000E3497 /* PBXContainerItemProxy */ = {
			isa = PBXContainerItemProxy;
			containerPortal = BEE9A81E1F38BF8E000E3497 /* Project object */;
			proxyType = 1;
			remoteGlobalIDString = BEE9A8251F38BF8E000E3497;
			remoteInfo = DragTimer;
		};
		BEE9A8461F38BF8F000E3497 /* PBXContainerItemProxy */ = {
			isa = PBXContainerItemProxy;
			containerPortal = BEE9A81E1F38BF8E000E3497 /* Project object */;
			proxyType = 1;
			remoteGlobalIDString = BEE9A8251F38BF8E000E3497;
			remoteInfo = DragTimer;
		};
/* End PBXContainerItemProxy section */

/* Begin PBXFileReference section */
		003AACB093832422B6F0D78F /* Pods_DragTimer.framework */ = {isa = PBXFileReference; explicitFileType = wrapper.framework; includeInIndex = 0; path = Pods_DragTimer.framework; sourceTree = BUILT_PRODUCTS_DIR; };
		06914C21F591F61F6036C969 /* Pods-DragTimer.debug.xcconfig */ = {isa = PBXFileReference; includeInIndex = 1; lastKnownFileType = text.xcconfig; name = "Pods-DragTimer.debug.xcconfig"; path = "Pods/Target Support Files/Pods-DragTimer/Pods-DragTimer.debug.xcconfig"; sourceTree = "<group>"; };
		1422DFD49D507201F876B900 /* Pods-DragTimerTests.release.xcconfig */ = {isa = PBXFileReference; includeInIndex = 1; lastKnownFileType = text.xcconfig; name = "Pods-DragTimerTests.release.xcconfig"; path = "Pods/Target Support Files/Pods-DragTimerTests/Pods-DragTimerTests.release.xcconfig"; sourceTree = "<group>"; };
		48F996B4D38167EB4E417732 /* Pods-DragTimer.release.xcconfig */ = {isa = PBXFileReference; includeInIndex = 1; lastKnownFileType = text.xcconfig; name = "Pods-DragTimer.release.xcconfig"; path = "Pods/Target Support Files/Pods-DragTimer/Pods-DragTimer.release.xcconfig"; sourceTree = "<group>"; };
		7CFB51F7EE1B15CD4AB45C75 /* Pods-DragTimerUITests.debug.xcconfig */ = {isa = PBXFileReference; includeInIndex = 1; lastKnownFileType = text.xcconfig; name = "Pods-DragTimerUITests.debug.xcconfig"; path = "Pods/Target Support Files/Pods-DragTimerUITests/Pods-DragTimerUITests.debug.xcconfig"; sourceTree = "<group>"; };
		A5A932F611395331C08AE436 /* Pods-DragTimerTests.debug.xcconfig */ = {isa = PBXFileReference; includeInIndex = 1; lastKnownFileType = text.xcconfig; name = "Pods-DragTimerTests.debug.xcconfig"; path = "Pods/Target Support Files/Pods-DragTimerTests/Pods-DragTimerTests.debug.xcconfig"; sourceTree = "<group>"; };
		AC4C3575CFB3281DD414B001 /* Pods-DragTimerUITests.release.xcconfig */ = {isa = PBXFileReference; includeInIndex = 1; lastKnownFileType = text.xcconfig; name = "Pods-DragTimerUITests.release.xcconfig"; path = "Pods/Target Support Files/Pods-DragTimerUITests/Pods-DragTimerUITests.release.xcconfig"; sourceTree = "<group>"; };
		BE311ADE1F6E946800D33FD6 /* SpeedLogDetailController.swift */ = {isa = PBXFileReference; fileEncoding = 4; lastKnownFileType = sourcecode.swift; path = SpeedLogDetailController.swift; sourceTree = "<group>"; };
		BE311AE81F6FC7A500D33FD6 /* SettingsController.swift */ = {isa = PBXFileReference; fileEncoding = 4; lastKnownFileType = sourcecode.swift; path = SettingsController.swift; sourceTree = "<group>"; };
		BE33A6A51F7E9BEF001818DB /* Measurement.swift */ = {isa = PBXFileReference; lastKnownFileType = sourcecode.swift; path = Measurement.swift; sourceTree = "<group>"; };
		BE33A6A91F7E9CBF001818DB /* README.md */ = {isa = PBXFileReference; lastKnownFileType = net.daringfireball.markdown; path = README.md; sourceTree = SOURCE_ROOT; };
		BE3703251F669F7F003306E8 /* Podfile */ = {isa = PBXFileReference; fileEncoding = 4; lastKnownFileType = text; path = Podfile; sourceTree = "<group>"; xcLanguageSpecificationIdentifier = xcode.lang.ruby; };
		BE6A3BA41F7A7EF600643483 /* MeasurementCell.swift */ = {isa = PBXFileReference; lastKnownFileType = sourcecode.swift; path = MeasurementCell.swift; sourceTree = "<group>"; };
		BE6A3BA61F7A857300643483 /* SavedMeasurementsController.swift */ = {isa = PBXFileReference; lastKnownFileType = sourcecode.swift; path = SavedMeasurementsController.swift; sourceTree = "<group>"; };
		BE6A3BAE1F7B973000643483 /* DataHandler.swift */ = {isa = PBXFileReference; lastKnownFileType = sourcecode.swift; path = DataHandler.swift; sourceTree = "<group>"; };
		BE8ED3A21F7C2C6F0085F60A /* Constants.swift */ = {isa = PBXFileReference; lastKnownFileType = sourcecode.swift; path = Constants.swift; sourceTree = "<group>"; };
		BEC4DF091F66A0A5009DBD6F /* Charts.framework */ = {isa = PBXFileReference; lastKnownFileType = wrapper.framework; name = Charts.framework; path = "../../Library/Developer/Xcode/DerivedData/DragTimer-drznlbltrrtgliguksuvcdhfelzd/Build/Products/Debug-iphonesimulator/Charts/Charts.framework"; sourceTree = "<group>"; };
		BECDD77F1F66AE6D00A98883 /* Charts.framework */ = {isa = PBXFileReference; lastKnownFileType = wrapper.framework; name = Charts.framework; path = "../../Library/Developer/Xcode/DerivedData/DragTimer-drznlbltrrtgliguksuvcdhfelzd/Build/Products/Debug-iphoneos/Charts/Charts.framework"; sourceTree = "<group>"; };
		BEE4FBA31F66A0310071FF77 /* SwiftCharts.framework */ = {isa = PBXFileReference; lastKnownFileType = wrapper.framework; name = SwiftCharts.framework; path = "../../Library/Developer/Xcode/DerivedData/DragTimer-drznlbltrrtgliguksuvcdhfelzd/Build/Products/Debug-iphonesimulator/SwiftCharts/SwiftCharts.framework"; sourceTree = "<group>"; };
		BEE9A8261F38BF8E000E3497 /* DragTimer.app */ = {isa = PBXFileReference; explicitFileType = wrapper.application; includeInIndex = 0; path = DragTimer.app; sourceTree = BUILT_PRODUCTS_DIR; };
		BEE9A8291F38BF8E000E3497 /* AppDelegate.swift */ = {isa = PBXFileReference; lastKnownFileType = sourcecode.swift; path = AppDelegate.swift; sourceTree = "<group>"; };
		BEE9A82B1F38BF8E000E3497 /* ViewController.swift */ = {isa = PBXFileReference; lastKnownFileType = sourcecode.swift; path = ViewController.swift; sourceTree = "<group>"; };
		BEE9A82E1F38BF8E000E3497 /* Base */ = {isa = PBXFileReference; lastKnownFileType = file.storyboard; name = Base; path = Base.lproj/Main.storyboard; sourceTree = "<group>"; };
		BEE9A8301F38BF8E000E3497 /* Assets.xcassets */ = {isa = PBXFileReference; lastKnownFileType = folder.assetcatalog; path = Assets.xcassets; sourceTree = "<group>"; };
		BEE9A8331F38BF8E000E3497 /* Base */ = {isa = PBXFileReference; lastKnownFileType = file.storyboard; name = Base; path = Base.lproj/LaunchScreen.storyboard; sourceTree = "<group>"; };
		BEE9A8351F38BF8E000E3497 /* Info.plist */ = {isa = PBXFileReference; lastKnownFileType = text.plist.xml; path = Info.plist; sourceTree = "<group>"; };
		BEE9A83A1F38BF8F000E3497 /* DragTimerTests.xctest */ = {isa = PBXFileReference; explicitFileType = wrapper.cfbundle; includeInIndex = 0; path = DragTimerTests.xctest; sourceTree = BUILT_PRODUCTS_DIR; };
		BEE9A8451F38BF8F000E3497 /* DragTimerUITests.xctest */ = {isa = PBXFileReference; explicitFileType = wrapper.cfbundle; includeInIndex = 0; path = DragTimerUITests.xctest; sourceTree = BUILT_PRODUCTS_DIR; };
		BEF374F41F7BC00300088070 /* Speedometer.swift */ = {isa = PBXFileReference; lastKnownFileType = sourcecode.swift; path = Speedometer.swift; sourceTree = "<group>"; };
/* End PBXFileReference section */

/* Begin PBXFrameworksBuildPhase section */
		BEE9A8231F38BF8E000E3497 /* Frameworks */ = {
			isa = PBXFrameworksBuildPhase;
			buildActionMask = 2147483647;
			files = (
				BEF8ACD91F7A3B64008F052D /* Charts.framework in Frameworks */,
				EF4CA4A53BFC3B19FF6CFE66 /* Pods_DragTimer.framework in Frameworks */,
			);
			runOnlyForDeploymentPostprocessing = 0;
		};
		BEE9A8371F38BF8F000E3497 /* Frameworks */ = {
			isa = PBXFrameworksBuildPhase;
			buildActionMask = 2147483647;
			files = (
			);
			runOnlyForDeploymentPostprocessing = 0;
		};
		BEE9A8421F38BF8F000E3497 /* Frameworks */ = {
			isa = PBXFrameworksBuildPhase;
			buildActionMask = 2147483647;
			files = (
			);
			runOnlyForDeploymentPostprocessing = 0;
		};
/* End PBXFrameworksBuildPhase section */

/* Begin PBXGroup section */
		5DB24639FB97B9461A705D47 /* Pods */ = {
			isa = PBXGroup;
			children = (
				06914C21F591F61F6036C969 /* Pods-DragTimer.debug.xcconfig */,
				48F996B4D38167EB4E417732 /* Pods-DragTimer.release.xcconfig */,
				A5A932F611395331C08AE436 /* Pods-DragTimerTests.debug.xcconfig */,
				1422DFD49D507201F876B900 /* Pods-DragTimerTests.release.xcconfig */,
				7CFB51F7EE1B15CD4AB45C75 /* Pods-DragTimerUITests.debug.xcconfig */,
				AC4C3575CFB3281DD414B001 /* Pods-DragTimerUITests.release.xcconfig */,
			);
			name = Pods;
			sourceTree = "<group>";
		};
		BEE9A81D1F38BF8E000E3497 = {
			isa = PBXGroup;
			children = (
				BEE9A8281F38BF8E000E3497 /* DragTimer */,
				BEE9A8271F38BF8E000E3497 /* Products */,
				5DB24639FB97B9461A705D47 /* Pods */,
				F6808707729C0ECF830E75B1 /* Frameworks */,
			);
			sourceTree = "<group>";
		};
		BEE9A8271F38BF8E000E3497 /* Products */ = {
			isa = PBXGroup;
			children = (
				BEE9A8261F38BF8E000E3497 /* DragTimer.app */,
				BEE9A83A1F38BF8F000E3497 /* DragTimerTests.xctest */,
				BEE9A8451F38BF8F000E3497 /* DragTimerUITests.xctest */,
			);
			name = Products;
			sourceTree = "<group>";
		};
		BEE9A8281F38BF8E000E3497 /* DragTimer */ = {
			isa = PBXGroup;
			children = (
				BEE9A8291F38BF8E000E3497 /* AppDelegate.swift */,
				BEE9A82B1F38BF8E000E3497 /* ViewController.swift */,
				BE6A3BAE1F7B973000643483 /* DataHandler.swift */,
				BE6A3BA41F7A7EF600643483 /* MeasurementCell.swift */,
				BE33A6A51F7E9BEF001818DB /* Measurement.swift */,
				BE6A3BA61F7A857300643483 /* SavedMeasurementsController.swift */,
				BEE9A82D1F38BF8E000E3497 /* Main.storyboard */,
				BE8ED3A21F7C2C6F0085F60A /* Constants.swift */,
				BEF374F41F7BC00300088070 /* Speedometer.swift */,
				BE311AE81F6FC7A500D33FD6 /* SettingsController.swift */,
				BE311ADE1F6E946800D33FD6 /* SpeedLogDetailController.swift */,
				BEE9A8301F38BF8E000E3497 /* Assets.xcassets */,
				BEE9A8321F38BF8E000E3497 /* LaunchScreen.storyboard */,
				BEE9A8351F38BF8E000E3497 /* Info.plist */,
				BE33A6A91F7E9CBF001818DB /* README.md */,
			);
			path = DragTimer;
			sourceTree = "<group>";
		};
		F6808707729C0ECF830E75B1 /* Frameworks */ = {
			isa = PBXGroup;
			children = (
				BECDD77F1F66AE6D00A98883 /* Charts.framework */,
				BEC4DF091F66A0A5009DBD6F /* Charts.framework */,
				BEE4FBA31F66A0310071FF77 /* SwiftCharts.framework */,
				BE3703251F669F7F003306E8 /* Podfile */,
				003AACB093832422B6F0D78F /* Pods_DragTimer.framework */,
			);
			name = Frameworks;
			sourceTree = "<group>";
		};
/* End PBXGroup section */

/* Begin PBXNativeTarget section */
		BEE9A8251F38BF8E000E3497 /* DragTimer */ = {
			isa = PBXNativeTarget;
			buildConfigurationList = BEE9A84E1F38BF8F000E3497 /* Build configuration list for PBXNativeTarget "DragTimer" */;
			buildPhases = (
				972C17DAAABC3B2A9ED6660F /* [CP] Check Pods Manifest.lock */,
				BEE9A8221F38BF8E000E3497 /* Sources */,
				BEE9A8231F38BF8E000E3497 /* Frameworks */,
				BEE9A8241F38BF8E000E3497 /* Resources */,
				0F6EAED7801DD9C5624999B8 /* [CP] Embed Pods Frameworks */,
				A56670D76404A0B344540715 /* [CP] Copy Pods Resources */,
			);
			buildRules = (
			);
			dependencies = (
			);
			name = DragTimer;
			productName = DragTimer;
			productReference = BEE9A8261F38BF8E000E3497 /* DragTimer.app */;
			productType = "com.apple.product-type.application";
		};
		BEE9A8391F38BF8F000E3497 /* DragTimerTests */ = {
			isa = PBXNativeTarget;
			buildConfigurationList = BEE9A8511F38BF8F000E3497 /* Build configuration list for PBXNativeTarget "DragTimerTests" */;
			buildPhases = (
				21272176C7518243CC32052D /* [CP] Check Pods Manifest.lock */,
				BEE9A8361F38BF8F000E3497 /* Sources */,
				BEE9A8371F38BF8F000E3497 /* Frameworks */,
				BEE9A8381F38BF8F000E3497 /* Resources */,
				BAAEEC5A6E2FADD09A4A70AC /* [CP] Embed Pods Frameworks */,
				08498313BA3DEEC599F0075E /* [CP] Copy Pods Resources */,
			);
			buildRules = (
			);
			dependencies = (
				BEE9A83C1F38BF8F000E3497 /* PBXTargetDependency */,
			);
			name = DragTimerTests;
			productName = DragTimerTests;
			productReference = BEE9A83A1F38BF8F000E3497 /* DragTimerTests.xctest */;
			productType = "com.apple.product-type.bundle.unit-test";
		};
		BEE9A8441F38BF8F000E3497 /* DragTimerUITests */ = {
			isa = PBXNativeTarget;
			buildConfigurationList = BEE9A8541F38BF8F000E3497 /* Build configuration list for PBXNativeTarget "DragTimerUITests" */;
			buildPhases = (
				3D75CAC3BF2EA65C2F23CE42 /* [CP] Check Pods Manifest.lock */,
				BEE9A8411F38BF8F000E3497 /* Sources */,
				BEE9A8421F38BF8F000E3497 /* Frameworks */,
				BEE9A8431F38BF8F000E3497 /* Resources */,
				F11DBE865E6A85CCF4E52A6C /* [CP] Embed Pods Frameworks */,
				26B518CBADAC62F21907E106 /* [CP] Copy Pods Resources */,
			);
			buildRules = (
			);
			dependencies = (
				BEE9A8471F38BF8F000E3497 /* PBXTargetDependency */,
			);
			name = DragTimerUITests;
			productName = DragTimerUITests;
			productReference = BEE9A8451F38BF8F000E3497 /* DragTimerUITests.xctest */;
			productType = "com.apple.product-type.bundle.ui-testing";
		};
/* End PBXNativeTarget section */

/* Begin PBXProject section */
		BEE9A81E1F38BF8E000E3497 /* Project object */ = {
			isa = PBXProject;
			attributes = {
				LastSwiftUpdateCheck = 0830;
				LastUpgradeCheck = 0900;
				ORGANIZATIONNAME = "Philipp Matthes";
				TargetAttributes = {
					BEE9A8251F38BF8E000E3497 = {
						CreatedOnToolsVersion = 8.3.3;
						DevelopmentTeam = S36925NV4E;
						ProvisioningStyle = Automatic;
					};
					BEE9A8391F38BF8F000E3497 = {
						CreatedOnToolsVersion = 8.3.3;
						DevelopmentTeam = S36925NV4E;
						ProvisioningStyle = Automatic;
						TestTargetID = BEE9A8251F38BF8E000E3497;
					};
					BEE9A8441F38BF8F000E3497 = {
						CreatedOnToolsVersion = 8.3.3;
						DevelopmentTeam = S36925NV4E;
						ProvisioningStyle = Automatic;
						TestTargetID = BEE9A8251F38BF8E000E3497;
					};
				};
			};
			buildConfigurationList = BEE9A8211F38BF8E000E3497 /* Build configuration list for PBXProject "DragTimer" */;
			compatibilityVersion = "Xcode 3.2";
			developmentRegion = English;
			hasScannedForEncodings = 0;
			knownRegions = (
				en,
				Base,
			);
			mainGroup = BEE9A81D1F38BF8E000E3497;
			productRefGroup = BEE9A8271F38BF8E000E3497 /* Products */;
			projectDirPath = "";
			projectRoot = "";
			targets = (
				BEE9A8251F38BF8E000E3497 /* DragTimer */,
				BEE9A8391F38BF8F000E3497 /* DragTimerTests */,
				BEE9A8441F38BF8F000E3497 /* DragTimerUITests */,
			);
		};
/* End PBXProject section */

/* Begin PBXResourcesBuildPhase section */
		BEE9A8241F38BF8E000E3497 /* Resources */ = {
			isa = PBXResourcesBuildPhase;
			buildActionMask = 2147483647;
			files = (
				BE3703261F669F7F003306E8 /* Podfile in Resources */,
				BEE9A8341F38BF8E000E3497 /* LaunchScreen.storyboard in Resources */,
				BEE9A8311F38BF8E000E3497 /* Assets.xcassets in Resources */,
				BEE9A82F1F38BF8E000E3497 /* Main.storyboard in Resources */,
			);
			runOnlyForDeploymentPostprocessing = 0;
		};
		BEE9A8381F38BF8F000E3497 /* Resources */ = {
			isa = PBXResourcesBuildPhase;
			buildActionMask = 2147483647;
			files = (
			);
			runOnlyForDeploymentPostprocessing = 0;
		};
		BEE9A8431F38BF8F000E3497 /* Resources */ = {
			isa = PBXResourcesBuildPhase;
			buildActionMask = 2147483647;
			files = (
			);
			runOnlyForDeploymentPostprocessing = 0;
		};
/* End PBXResourcesBuildPhase section */

/* Begin PBXShellScriptBuildPhase section */
		08498313BA3DEEC599F0075E /* [CP] Copy Pods Resources */ = {
			isa = PBXShellScriptBuildPhase;
			buildActionMask = 2147483647;
			files = (
			);
			inputPaths = (
			);
			name = "[CP] Copy Pods Resources";
			outputPaths = (
			);
			runOnlyForDeploymentPostprocessing = 0;
			shellPath = /bin/sh;
			shellScript = "\"${SRCROOT}/Pods/Target Support Files/Pods-DragTimerTests/Pods-DragTimerTests-resources.sh\"\n";
			showEnvVarsInLog = 0;
		};
		0F6EAED7801DD9C5624999B8 /* [CP] Embed Pods Frameworks */ = {
			isa = PBXShellScriptBuildPhase;
			buildActionMask = 2147483647;
			files = (
			);
			inputPaths = (
				"${SRCROOT}/Pods/Target Support Files/Pods-DragTimer/Pods-DragTimer-frameworks.sh",
				"${BUILT_PRODUCTS_DIR}/BRYXBanner/BRYXBanner.framework",
				"${BUILT_PRODUCTS_DIR}/Charts/Charts.framework",
			);
			name = "[CP] Embed Pods Frameworks";
			outputPaths = (
				"${TARGET_BUILD_DIR}/${FRAMEWORKS_FOLDER_PATH}/BRYXBanner.framework",
				"${TARGET_BUILD_DIR}/${FRAMEWORKS_FOLDER_PATH}/Charts.framework",
			);
			runOnlyForDeploymentPostprocessing = 0;
			shellPath = /bin/sh;
			shellScript = "\"${SRCROOT}/Pods/Target Support Files/Pods-DragTimer/Pods-DragTimer-frameworks.sh\"\n";
			showEnvVarsInLog = 0;
		};
		21272176C7518243CC32052D /* [CP] Check Pods Manifest.lock */ = {
			isa = PBXShellScriptBuildPhase;
			buildActionMask = 2147483647;
			files = (
			);
			inputPaths = (
				"${PODS_PODFILE_DIR_PATH}/Podfile.lock",
				"${PODS_ROOT}/Manifest.lock",
			);
			name = "[CP] Check Pods Manifest.lock";
			outputPaths = (
				"$(DERIVED_FILE_DIR)/Pods-DragTimerTests-checkManifestLockResult.txt",
			);
			runOnlyForDeploymentPostprocessing = 0;
			shellPath = /bin/sh;
			shellScript = "diff \"${PODS_PODFILE_DIR_PATH}/Podfile.lock\" \"${PODS_ROOT}/Manifest.lock\" > /dev/null\nif [ $? != 0 ] ; then\n    # print error to STDERR\n    echo \"error: The sandbox is not in sync with the Podfile.lock. Run 'pod install' or update your CocoaPods installation.\" >&2\n    exit 1\nfi\n# This output is used by Xcode 'outputs' to avoid re-running this script phase.\necho \"SUCCESS\" > \"${SCRIPT_OUTPUT_FILE_0}\"\n";
			showEnvVarsInLog = 0;
		};
		26B518CBADAC62F21907E106 /* [CP] Copy Pods Resources */ = {
			isa = PBXShellScriptBuildPhase;
			buildActionMask = 2147483647;
			files = (
			);
			inputPaths = (
			);
			name = "[CP] Copy Pods Resources";
			outputPaths = (
			);
			runOnlyForDeploymentPostprocessing = 0;
			shellPath = /bin/sh;
			shellScript = "\"${SRCROOT}/Pods/Target Support Files/Pods-DragTimerUITests/Pods-DragTimerUITests-resources.sh\"\n";
			showEnvVarsInLog = 0;
		};
		3D75CAC3BF2EA65C2F23CE42 /* [CP] Check Pods Manifest.lock */ = {
			isa = PBXShellScriptBuildPhase;
			buildActionMask = 2147483647;
			files = (
			);
			inputPaths = (
				"${PODS_PODFILE_DIR_PATH}/Podfile.lock",
				"${PODS_ROOT}/Manifest.lock",
			);
			name = "[CP] Check Pods Manifest.lock";
			outputPaths = (
				"$(DERIVED_FILE_DIR)/Pods-DragTimerUITests-checkManifestLockResult.txt",
			);
			runOnlyForDeploymentPostprocessing = 0;
			shellPath = /bin/sh;
			shellScript = "diff \"${PODS_PODFILE_DIR_PATH}/Podfile.lock\" \"${PODS_ROOT}/Manifest.lock\" > /dev/null\nif [ $? != 0 ] ; then\n    # print error to STDERR\n    echo \"error: The sandbox is not in sync with the Podfile.lock. Run 'pod install' or update your CocoaPods installation.\" >&2\n    exit 1\nfi\n# This output is used by Xcode 'outputs' to avoid re-running this script phase.\necho \"SUCCESS\" > \"${SCRIPT_OUTPUT_FILE_0}\"\n";
			showEnvVarsInLog = 0;
		};
		972C17DAAABC3B2A9ED6660F /* [CP] Check Pods Manifest.lock */ = {
			isa = PBXShellScriptBuildPhase;
			buildActionMask = 2147483647;
			files = (
			);
			inputPaths = (
				"${PODS_PODFILE_DIR_PATH}/Podfile.lock",
				"${PODS_ROOT}/Manifest.lock",
			);
			name = "[CP] Check Pods Manifest.lock";
			outputPaths = (
				"$(DERIVED_FILE_DIR)/Pods-DragTimer-checkManifestLockResult.txt",
			);
			runOnlyForDeploymentPostprocessing = 0;
			shellPath = /bin/sh;
			shellScript = "diff \"${PODS_PODFILE_DIR_PATH}/Podfile.lock\" \"${PODS_ROOT}/Manifest.lock\" > /dev/null\nif [ $? != 0 ] ; then\n    # print error to STDERR\n    echo \"error: The sandbox is not in sync with the Podfile.lock. Run 'pod install' or update your CocoaPods installation.\" >&2\n    exit 1\nfi\n# This output is used by Xcode 'outputs' to avoid re-running this script phase.\necho \"SUCCESS\" > \"${SCRIPT_OUTPUT_FILE_0}\"\n";
			showEnvVarsInLog = 0;
		};
		A56670D76404A0B344540715 /* [CP] Copy Pods Resources */ = {
			isa = PBXShellScriptBuildPhase;
			buildActionMask = 2147483647;
			files = (
			);
			inputPaths = (
			);
			name = "[CP] Copy Pods Resources";
			outputPaths = (
			);
			runOnlyForDeploymentPostprocessing = 0;
			shellPath = /bin/sh;
			shellScript = "\"${SRCROOT}/Pods/Target Support Files/Pods-DragTimer/Pods-DragTimer-resources.sh\"\n";
			showEnvVarsInLog = 0;
		};
		BAAEEC5A6E2FADD09A4A70AC /* [CP] Embed Pods Frameworks */ = {
			isa = PBXShellScriptBuildPhase;
			buildActionMask = 2147483647;
			files = (
			);
			inputPaths = (
			);
			name = "[CP] Embed Pods Frameworks";
			outputPaths = (
			);
			runOnlyForDeploymentPostprocessing = 0;
			shellPath = /bin/sh;
			shellScript = "\"${SRCROOT}/Pods/Target Support Files/Pods-DragTimerTests/Pods-DragTimerTests-frameworks.sh\"\n";
			showEnvVarsInLog = 0;
		};
		F11DBE865E6A85CCF4E52A6C /* [CP] Embed Pods Frameworks */ = {
			isa = PBXShellScriptBuildPhase;
			buildActionMask = 2147483647;
			files = (
			);
			inputPaths = (
			);
			name = "[CP] Embed Pods Frameworks";
			outputPaths = (
			);
			runOnlyForDeploymentPostprocessing = 0;
			shellPath = /bin/sh;
			shellScript = "\"${SRCROOT}/Pods/Target Support Files/Pods-DragTimerUITests/Pods-DragTimerUITests-frameworks.sh\"\n";
			showEnvVarsInLog = 0;
		};
/* End PBXShellScriptBuildPhase section */

/* Begin PBXSourcesBuildPhase section */
		BEE9A8221F38BF8E000E3497 /* Sources */ = {
			isa = PBXSourcesBuildPhase;
			buildActionMask = 2147483647;
			files = (
				BEF374F51F7BC00300088070 /* Speedometer.swift in Sources */,
				BE311AE91F6FC7A500D33FD6 /* SettingsController.swift in Sources */,
				BE33A6A61F7E9BEF001818DB /* Measurement.swift in Sources */,
				BEE9A82C1F38BF8E000E3497 /* ViewController.swift in Sources */,
				BE6A3BAF1F7B973000643483 /* DataHandler.swift in Sources */,
				BE6A3BA71F7A857300643483 /* SavedMeasurementsController.swift in Sources */,
				BE311ADF1F6E946800D33FD6 /* SpeedLogDetailController.swift in Sources */,
				BEE9A82A1F38BF8E000E3497 /* AppDelegate.swift in Sources */,
				BE6A3BA51F7A7EF600643483 /* MeasurementCell.swift in Sources */,
				BE8ED3A31F7C2C6F0085F60A /* Constants.swift in Sources */,
			);
			runOnlyForDeploymentPostprocessing = 0;
		};
		BEE9A8361F38BF8F000E3497 /* Sources */ = {
			isa = PBXSourcesBuildPhase;
			buildActionMask = 2147483647;
			files = (
			);
			runOnlyForDeploymentPostprocessing = 0;
		};
		BEE9A8411F38BF8F000E3497 /* Sources */ = {
			isa = PBXSourcesBuildPhase;
			buildActionMask = 2147483647;
			files = (
			);
			runOnlyForDeploymentPostprocessing = 0;
		};
/* End PBXSourcesBuildPhase section */

/* Begin PBXTargetDependency section */
		BEE9A83C1F38BF8F000E3497 /* PBXTargetDependency */ = {
			isa = PBXTargetDependency;
			target = BEE9A8251F38BF8E000E3497 /* DragTimer */;
			targetProxy = BEE9A83B1F38BF8F000E3497 /* PBXContainerItemProxy */;
		};
		BEE9A8471F38BF8F000E3497 /* PBXTargetDependency */ = {
			isa = PBXTargetDependency;
			target = BEE9A8251F38BF8E000E3497 /* DragTimer */;
			targetProxy = BEE9A8461F38BF8F000E3497 /* PBXContainerItemProxy */;
		};
/* End PBXTargetDependency section */

/* Begin PBXVariantGroup section */
		BEE9A82D1F38BF8E000E3497 /* Main.storyboard */ = {
			isa = PBXVariantGroup;
			children = (
				BEE9A82E1F38BF8E000E3497 /* Base */,
			);
			name = Main.storyboard;
			sourceTree = "<group>";
		};
		BEE9A8321F38BF8E000E3497 /* LaunchScreen.storyboard */ = {
			isa = PBXVariantGroup;
			children = (
				BEE9A8331F38BF8E000E3497 /* Base */,
			);
			name = LaunchScreen.storyboard;
			sourceTree = "<group>";
		};
/* End PBXVariantGroup section */

/* Begin XCBuildConfiguration section */
		BEE9A84C1F38BF8F000E3497 /* Debug */ = {
			isa = XCBuildConfiguration;
			buildSettings = {
				ALWAYS_SEARCH_USER_PATHS = NO;
				CLANG_ANALYZER_NONNULL = YES;
				CLANG_ANALYZER_NUMBER_OBJECT_CONVERSION = YES_AGGRESSIVE;
				CLANG_CXX_LANGUAGE_STANDARD = "gnu++0x";
				CLANG_CXX_LIBRARY = "libc++";
				CLANG_ENABLE_MODULES = YES;
				CLANG_ENABLE_OBJC_ARC = YES;
				CLANG_WARN_BLOCK_CAPTURE_AUTORELEASING = YES;
				CLANG_WARN_BOOL_CONVERSION = YES;
				CLANG_WARN_COMMA = YES;
				CLANG_WARN_CONSTANT_CONVERSION = YES;
				CLANG_WARN_DIRECT_OBJC_ISA_USAGE = YES_ERROR;
				CLANG_WARN_DOCUMENTATION_COMMENTS = YES;
				CLANG_WARN_EMPTY_BODY = YES;
				CLANG_WARN_ENUM_CONVERSION = YES;
				CLANG_WARN_INFINITE_RECURSION = YES;
				CLANG_WARN_INT_CONVERSION = YES;
				CLANG_WARN_NON_LITERAL_NULL_CONVERSION = YES;
				CLANG_WARN_OBJC_LITERAL_CONVERSION = YES;
				CLANG_WARN_OBJC_ROOT_CLASS = YES_ERROR;
				CLANG_WARN_RANGE_LOOP_ANALYSIS = YES;
				CLANG_WARN_STRICT_PROTOTYPES = YES;
				CLANG_WARN_SUSPICIOUS_MOVE = YES;
				CLANG_WARN_UNREACHABLE_CODE = YES;
				CLANG_WARN__DUPLICATE_METHOD_MATCH = YES;
				"CODE_SIGN_IDENTITY[sdk=iphoneos*]" = "iPhone Developer";
				COPY_PHASE_STRIP = NO;
				DEBUG_INFORMATION_FORMAT = dwarf;
				ENABLE_STRICT_OBJC_MSGSEND = YES;
				ENABLE_TESTABILITY = YES;
				GCC_C_LANGUAGE_STANDARD = gnu99;
				GCC_DYNAMIC_NO_PIC = NO;
				GCC_NO_COMMON_BLOCKS = YES;
				GCC_OPTIMIZATION_LEVEL = 0;
				GCC_PREPROCESSOR_DEFINITIONS = (
					"DEBUG=1",
					"$(inherited)",
				);
				GCC_WARN_64_TO_32_BIT_CONVERSION = YES;
				GCC_WARN_ABOUT_RETURN_TYPE = YES_ERROR;
				GCC_WARN_UNDECLARED_SELECTOR = YES;
				GCC_WARN_UNINITIALIZED_AUTOS = YES_AGGRESSIVE;
				GCC_WARN_UNUSED_FUNCTION = YES;
				GCC_WARN_UNUSED_VARIABLE = YES;
				IPHONEOS_DEPLOYMENT_TARGET = 8.0;
				MTL_ENABLE_DEBUG_INFO = YES;
				ONLY_ACTIVE_ARCH = YES;
				SDKROOT = iphoneos;
				SWIFT_ACTIVE_COMPILATION_CONDITIONS = DEBUG;
				SWIFT_OPTIMIZATION_LEVEL = "-Onone";
				TARGETED_DEVICE_FAMILY = "1,2";
			};
			name = Debug;
		};
		BEE9A84D1F38BF8F000E3497 /* Release */ = {
			isa = XCBuildConfiguration;
			buildSettings = {
				ALWAYS_SEARCH_USER_PATHS = NO;
				CLANG_ANALYZER_NONNULL = YES;
				CLANG_ANALYZER_NUMBER_OBJECT_CONVERSION = YES_AGGRESSIVE;
				CLANG_CXX_LANGUAGE_STANDARD = "gnu++0x";
				CLANG_CXX_LIBRARY = "libc++";
				CLANG_ENABLE_MODULES = YES;
				CLANG_ENABLE_OBJC_ARC = YES;
				CLANG_WARN_BLOCK_CAPTURE_AUTORELEASING = YES;
				CLANG_WARN_BOOL_CONVERSION = YES;
				CLANG_WARN_COMMA = YES;
				CLANG_WARN_CONSTANT_CONVERSION = YES;
				CLANG_WARN_DIRECT_OBJC_ISA_USAGE = YES_ERROR;
				CLANG_WARN_DOCUMENTATION_COMMENTS = YES;
				CLANG_WARN_EMPTY_BODY = YES;
				CLANG_WARN_ENUM_CONVERSION = YES;
				CLANG_WARN_INFINITE_RECURSION = YES;
				CLANG_WARN_INT_CONVERSION = YES;
				CLANG_WARN_NON_LITERAL_NULL_CONVERSION = YES;
				CLANG_WARN_OBJC_LITERAL_CONVERSION = YES;
				CLANG_WARN_OBJC_ROOT_CLASS = YES_ERROR;
				CLANG_WARN_RANGE_LOOP_ANALYSIS = YES;
				CLANG_WARN_STRICT_PROTOTYPES = YES;
				CLANG_WARN_SUSPICIOUS_MOVE = YES;
				CLANG_WARN_UNREACHABLE_CODE = YES;
				CLANG_WARN__DUPLICATE_METHOD_MATCH = YES;
				"CODE_SIGN_IDENTITY[sdk=iphoneos*]" = "iPhone Developer";
				COPY_PHASE_STRIP = NO;
				DEBUG_INFORMATION_FORMAT = "dwarf-with-dsym";
				ENABLE_NS_ASSERTIONS = NO;
				ENABLE_STRICT_OBJC_MSGSEND = YES;
				GCC_C_LANGUAGE_STANDARD = gnu99;
				GCC_NO_COMMON_BLOCKS = YES;
				GCC_WARN_64_TO_32_BIT_CONVERSION = YES;
				GCC_WARN_ABOUT_RETURN_TYPE = YES_ERROR;
				GCC_WARN_UNDECLARED_SELECTOR = YES;
				GCC_WARN_UNINITIALIZED_AUTOS = YES_AGGRESSIVE;
				GCC_WARN_UNUSED_FUNCTION = YES;
				GCC_WARN_UNUSED_VARIABLE = YES;
				IPHONEOS_DEPLOYMENT_TARGET = 8.0;
				MTL_ENABLE_DEBUG_INFO = NO;
				SDKROOT = iphoneos;
				SWIFT_OPTIMIZATION_LEVEL = "-Owholemodule";
				TARGETED_DEVICE_FAMILY = "1,2";
				VALIDATE_PRODUCT = YES;
			};
			name = Release;
		};
		BEE9A84F1F38BF8F000E3497 /* Debug */ = {
			isa = XCBuildConfiguration;
			baseConfigurationReference = 06914C21F591F61F6036C969 /* Pods-DragTimer.debug.xcconfig */;
			buildSettings = {
				ASSETCATALOG_COMPILER_APPICON_NAME = AppIcon;
				DEVELOPMENT_TEAM = S36925NV4E;
				INFOPLIST_FILE = DragTimer/Info.plist;
				IPHONEOS_DEPLOYMENT_TARGET = 8.0;
				LD_RUNPATH_SEARCH_PATHS = "$(inherited) @executable_path/Frameworks";
				PRODUCT_BUNDLE_IDENTIFIER = com.example.DragTimer;
				PRODUCT_NAME = "$(TARGET_NAME)";
				SWIFT_VERSION = 4.0;
			};
			name = Debug;
		};
		BEE9A8501F38BF8F000E3497 /* Release */ = {
			isa = XCBuildConfiguration;
			baseConfigurationReference = 48F996B4D38167EB4E417732 /* Pods-DragTimer.release.xcconfig */;
			buildSettings = {
				ASSETCATALOG_COMPILER_APPICON_NAME = AppIcon;
				DEVELOPMENT_TEAM = S36925NV4E;
				INFOPLIST_FILE = DragTimer/Info.plist;
				IPHONEOS_DEPLOYMENT_TARGET = 8.0;
				LD_RUNPATH_SEARCH_PATHS = "$(inherited) @executable_path/Frameworks";
				PRODUCT_BUNDLE_IDENTIFIER = com.example.DragTimer;
				PRODUCT_NAME = "$(TARGET_NAME)";
				SWIFT_VERSION = 4.0;
			};
			name = Release;
		};
		BEE9A8521F38BF8F000E3497 /* Debug */ = {
			isa = XCBuildConfiguration;
			baseConfigurationReference = A5A932F611395331C08AE436 /* Pods-DragTimerTests.debug.xcconfig */;
			buildSettings = {
				ALWAYS_EMBED_SWIFT_STANDARD_LIBRARIES = YES;
				BUNDLE_LOADER = "$(TEST_HOST)";
				DEVELOPMENT_TEAM = S36925NV4E;
				INFOPLIST_FILE = DragTimerTests/Info.plist;
				LD_RUNPATH_SEARCH_PATHS = "$(inherited) @executable_path/Frameworks @loader_path/Frameworks";
				PRODUCT_BUNDLE_IDENTIFIER = com.example.DragTimerTests;
				PRODUCT_NAME = "$(TARGET_NAME)";
				SWIFT_VERSION = 3.0;
				TEST_HOST = "$(BUILT_PRODUCTS_DIR)/DragTimer.app/DragTimer";
			};
			name = Debug;
		};
		BEE9A8531F38BF8F000E3497 /* Release */ = {
			isa = XCBuildConfiguration;
			baseConfigurationReference = 1422DFD49D507201F876B900 /* Pods-DragTimerTests.release.xcconfig */;
			buildSettings = {
				ALWAYS_EMBED_SWIFT_STANDARD_LIBRARIES = YES;
				BUNDLE_LOADER = "$(TEST_HOST)";
				DEVELOPMENT_TEAM = S36925NV4E;
				INFOPLIST_FILE = DragTimerTests/Info.plist;
				LD_RUNPATH_SEARCH_PATHS = "$(inherited) @executable_path/Frameworks @loader_path/Frameworks";
				PRODUCT_BUNDLE_IDENTIFIER = com.example.DragTimerTests;
				PRODUCT_NAME = "$(TARGET_NAME)";
				SWIFT_VERSION = 3.0;
				TEST_HOST = "$(BUILT_PRODUCTS_DIR)/DragTimer.app/DragTimer";
			};
			name = Release;
		};
		BEE9A8551F38BF8F000E3497 /* Debug */ = {
			isa = XCBuildConfiguration;
			baseConfigurationReference = 7CFB51F7EE1B15CD4AB45C75 /* Pods-DragTimerUITests.debug.xcconfig */;
			buildSettings = {
				ALWAYS_EMBED_SWIFT_STANDARD_LIBRARIES = YES;
				DEVELOPMENT_TEAM = S36925NV4E;
				INFOPLIST_FILE = DragTimerUITests/Info.plist;
				LD_RUNPATH_SEARCH_PATHS = "$(inherited) @executable_path/Frameworks @loader_path/Frameworks";
				PRODUCT_BUNDLE_IDENTIFIER = com.example.DragTimerUITests;
				PRODUCT_NAME = "$(TARGET_NAME)";
				SWIFT_VERSION = 3.0;
				TEST_TARGET_NAME = DragTimer;
			};
			name = Debug;
		};
		BEE9A8561F38BF8F000E3497 /* Release */ = {
			isa = XCBuildConfiguration;
			baseConfigurationReference = AC4C3575CFB3281DD414B001 /* Pods-DragTimerUITests.release.xcconfig */;
			buildSettings = {
				ALWAYS_EMBED_SWIFT_STANDARD_LIBRARIES = YES;
				DEVELOPMENT_TEAM = S36925NV4E;
				INFOPLIST_FILE = DragTimerUITests/Info.plist;
				LD_RUNPATH_SEARCH_PATHS = "$(inherited) @executable_path/Frameworks @loader_path/Frameworks";
				PRODUCT_BUNDLE_IDENTIFIER = com.example.DragTimerUITests;
				PRODUCT_NAME = "$(TARGET_NAME)";
				SWIFT_VERSION = 3.0;
				TEST_TARGET_NAME = DragTimer;
			};
			name = Release;
		};
/* End XCBuildConfiguration section */

/* Begin XCConfigurationList section */
		BEE9A8211F38BF8E000E3497 /* Build configuration list for PBXProject "DragTimer" */ = {
			isa = XCConfigurationList;
			buildConfigurations = (
				BEE9A84C1F38BF8F000E3497 /* Debug */,
				BEE9A84D1F38BF8F000E3497 /* Release */,
			);
			defaultConfigurationIsVisible = 0;
			defaultConfigurationName = Release;
		};
		BEE9A84E1F38BF8F000E3497 /* Build configuration list for PBXNativeTarget "DragTimer" */ = {
			isa = XCConfigurationList;
			buildConfigurations = (
				BEE9A84F1F38BF8F000E3497 /* Debug */,
				BEE9A8501F38BF8F000E3497 /* Release */,
			);
			defaultConfigurationIsVisible = 0;
			defaultConfigurationName = Release;
		};
		BEE9A8511F38BF8F000E3497 /* Build configuration list for PBXNativeTarget "DragTimerTests" */ = {
			isa = XCConfigurationList;
			buildConfigurations = (
				BEE9A8521F38BF8F000E3497 /* Debug */,
				BEE9A8531F38BF8F000E3497 /* Release */,
			);
			defaultConfigurationIsVisible = 0;
			defaultConfigurationName = Release;
		};
		BEE9A8541F38BF8F000E3497 /* Build configuration list for PBXNativeTarget "DragTimerUITests" */ = {
			isa = XCConfigurationList;
			buildConfigurations = (
				BEE9A8551F38BF8F000E3497 /* Debug */,
				BEE9A8561F38BF8F000E3497 /* Release */,
			);
			defaultConfigurationIsVisible = 0;
			defaultConfigurationName = Release;
		};
/* End XCConfigurationList section */
	};
	rootObject = BEE9A81E1F38BF8E000E3497 /* Project object */;
}
